// !$*UTF8*$!
{
	archiveVersion = 1;
	classes = {
	};
	objectVersion = 46;
	objects = {

/* Begin PBXBuildFile section */
		C447E564193E9F3F0042DA4B /* AppDelegate.swift in Sources */ = {isa = PBXBuildFile; fileRef = C447E563193E9F3F0042DA4B /* AppDelegate.swift */; };
		C447E567193E9F3F0042DA4B /* iOS8DevAppSwift.xcdatamodeld in Sources */ = {isa = PBXBuildFile; fileRef = C447E565193E9F3F0042DA4B /* iOS8DevAppSwift.xcdatamodeld */; };
		C447E569193E9F3F0042DA4B /* ViewController.swift in Sources */ = {isa = PBXBuildFile; fileRef = C447E568193E9F3F0042DA4B /* ViewController.swift */; };
		C447E56C193E9F3F0042DA4B /* Main.storyboard in Resources */ = {isa = PBXBuildFile; fileRef = C447E56A193E9F3F0042DA4B /* Main.storyboard */; };
		C447E56E193E9F3F0042DA4B /* Images.xcassets in Resources */ = {isa = PBXBuildFile; fileRef = C447E56D193E9F3F0042DA4B /* Images.xcassets */; };
		C447E57A193E9F3F0042DA4B /* iOS8DevAppSwiftTests.swift in Sources */ = {isa = PBXBuildFile; fileRef = C447E579193E9F3F0042DA4B /* iOS8DevAppSwiftTests.swift */; };
/* End PBXBuildFile section */

/* Begin PBXContainerItemProxy section */
		C447E574193E9F3F0042DA4B /* PBXContainerItemProxy */ = {
			isa = PBXContainerItemProxy;
			containerPortal = C447E556193E9F3F0042DA4B /* Project object */;
			proxyType = 1;
			remoteGlobalIDString = C447E55D193E9F3F0042DA4B;
			remoteInfo = iOS8DevAppSwift;
		};
		C447E583193E9F5D0042DA4B /* PBXContainerItemProxy */ = {
			isa = PBXContainerItemProxy;
			containerPortal = C447E556193E9F3F0042DA4B /* Project object */;
			proxyType = 1;
			remoteGlobalIDString = C447E55D193E9F3F0042DA4B;
			remoteInfo = iOS8DevAppSwift;
		};
/* End PBXContainerItemProxy section */

/* Begin PBXFileReference section */
		C447E55E193E9F3F0042DA4B /* iOS8DevAppSwift.app */ = {isa = PBXFileReference; explicitFileType = wrapper.application; includeInIndex = 0; path = iOS8DevAppSwift.app; sourceTree = BUILT_PRODUCTS_DIR; };
		C447E562193E9F3F0042DA4B /* Info.plist */ = {isa = PBXFileReference; lastKnownFileType = text.plist.xml; path = Info.plist; sourceTree = "<group>"; };
		C447E563193E9F3F0042DA4B /* AppDelegate.swift */ = {isa = PBXFileReference; lastKnownFileType = sourcecode.swift; path = AppDelegate.swift; sourceTree = "<group>"; };
		C447E566193E9F3F0042DA4B /* iOS8DevAppSwift.xcdatamodel */ = {isa = PBXFileReference; lastKnownFileType = wrapper.xcdatamodel; path = iOS8DevAppSwift.xcdatamodel; sourceTree = "<group>"; };
		C447E568193E9F3F0042DA4B /* ViewController.swift */ = {isa = PBXFileReference; lastKnownFileType = sourcecode.swift; path = ViewController.swift; sourceTree = "<group>"; };
		C447E56B193E9F3F0042DA4B /* Base */ = {isa = PBXFileReference; lastKnownFileType = file.storyboard; name = Base; path = Base.lproj/Main.storyboard; sourceTree = "<group>"; };
		C447E56D193E9F3F0042DA4B /* Images.xcassets */ = {isa = PBXFileReference; lastKnownFileType = folder.assetcatalog; path = Images.xcassets; sourceTree = "<group>"; };
		C447E573193E9F3F0042DA4B /* iOS8DevAppSwiftTests.xctest */ = {isa = PBXFileReference; explicitFileType = wrapper.cfbundle; includeInIndex = 0; path = iOS8DevAppSwiftTests.xctest; sourceTree = BUILT_PRODUCTS_DIR; };
		C447E578193E9F3F0042DA4B /* Info.plist */ = {isa = PBXFileReference; lastKnownFileType = text.plist.xml; path = Info.plist; sourceTree = "<group>"; };
		C447E579193E9F3F0042DA4B /* iOS8DevAppSwiftTests.swift */ = {isa = PBXFileReference; lastKnownFileType = sourcecode.swift; path = iOS8DevAppSwiftTests.swift; sourceTree = "<group>"; };
/* End PBXFileReference section */

/* Begin PBXFrameworksBuildPhase section */
		C447E55B193E9F3F0042DA4B /* Frameworks */ = {
			isa = PBXFrameworksBuildPhase;
			buildActionMask = 2147483647;
			files = (
			);
			runOnlyForDeploymentPostprocessing = 0;
		};
		C447E570193E9F3F0042DA4B /* Frameworks */ = {
			isa = PBXFrameworksBuildPhase;
			buildActionMask = 2147483647;
			files = (
			);
			runOnlyForDeploymentPostprocessing = 0;
		};
/* End PBXFrameworksBuildPhase section */

/* Begin PBXGroup section */
		C447E555193E9F3F0042DA4B = {
			isa = PBXGroup;
			children = (
				C447E560193E9F3F0042DA4B /* iOS8DevAppSwift */,
				C447E576193E9F3F0042DA4B /* iOS8DevAppSwiftTests */,
				C447E55F193E9F3F0042DA4B /* Products */,
			);
			sourceTree = "<group>";
		};
		C447E55F193E9F3F0042DA4B /* Products */ = {
			isa = PBXGroup;
			children = (
				C447E55E193E9F3F0042DA4B /* iOS8DevAppSwift.app */,
				C447E573193E9F3F0042DA4B /* iOS8DevAppSwiftTests.xctest */,
			);
			name = Products;
			sourceTree = "<group>";
		};
		C447E560193E9F3F0042DA4B /* iOS8DevAppSwift */ = {
			isa = PBXGroup;
			children = (
				C447E563193E9F3F0042DA4B /* AppDelegate.swift */,
				C447E568193E9F3F0042DA4B /* ViewController.swift */,
				C447E56A193E9F3F0042DA4B /* Main.storyboard */,
				C447E56D193E9F3F0042DA4B /* Images.xcassets */,
				C447E565193E9F3F0042DA4B /* iOS8DevAppSwift.xcdatamodeld */,
				C447E561193E9F3F0042DA4B /* Supporting Files */,
			);
			path = iOS8DevAppSwift;
			sourceTree = "<group>";
		};
		C447E561193E9F3F0042DA4B /* Supporting Files */ = {
			isa = PBXGroup;
			children = (
				C447E562193E9F3F0042DA4B /* Info.plist */,
			);
			name = "Supporting Files";
			sourceTree = "<group>";
		};
		C447E576193E9F3F0042DA4B /* iOS8DevAppSwiftTests */ = {
			isa = PBXGroup;
			children = (
				C447E579193E9F3F0042DA4B /* iOS8DevAppSwiftTests.swift */,
				C447E577193E9F3F0042DA4B /* Supporting Files */,
			);
			path = iOS8DevAppSwiftTests;
			sourceTree = "<group>";
		};
		C447E577193E9F3F0042DA4B /* Supporting Files */ = {
			isa = PBXGroup;
			children = (
				C447E578193E9F3F0042DA4B /* Info.plist */,
			);
			name = "Supporting Files";
			sourceTree = "<group>";
		};
/* End PBXGroup section */

/* Begin PBXNativeTarget section */
		C447E55D193E9F3F0042DA4B /* iOS8DevAppSwift */ = {
			isa = PBXNativeTarget;
			buildConfigurationList = C447E57D193E9F3F0042DA4B /* Build configuration list for PBXNativeTarget "iOS8DevAppSwift" */;
			buildPhases = (
				C447E55A193E9F3F0042DA4B /* Sources */,
				C447E55B193E9F3F0042DA4B /* Frameworks */,
				C447E55C193E9F3F0042DA4B /* Resources */,
			);
			buildRules = (
			);
			dependencies = (
			);
			name = iOS8DevAppSwift;
			productName = iOS8DevAppSwift;
			productReference = C447E55E193E9F3F0042DA4B /* iOS8DevAppSwift.app */;
			productType = "com.apple.product-type.application";
		};
		C447E572193E9F3F0042DA4B /* iOS8DevAppSwiftTests */ = {
			isa = PBXNativeTarget;
			buildConfigurationList = C447E580193E9F3F0042DA4B /* Build configuration list for PBXNativeTarget "iOS8DevAppSwiftTests" */;
			buildPhases = (
				C447E56F193E9F3F0042DA4B /* Sources */,
				C447E570193E9F3F0042DA4B /* Frameworks */,
				C447E571193E9F3F0042DA4B /* Resources */,
			);
			buildRules = (
			);
			dependencies = (
				C447E575193E9F3F0042DA4B /* PBXTargetDependency */,
				C447E584193E9F5D0042DA4B /* PBXTargetDependency */,
			);
			name = iOS8DevAppSwiftTests;
			productName = iOS8DevAppSwiftTests;
			productReference = C447E573193E9F3F0042DA4B /* iOS8DevAppSwiftTests.xctest */;
			productType = "com.apple.product-type.bundle.unit-test";
		};
/* End PBXNativeTarget section */

/* Begin PBXProject section */
		C447E556193E9F3F0042DA4B /* Project object */ = {
			isa = PBXProject;
			attributes = {
				LastUpgradeCheck = 0600;
				ORGANIZATIONNAME = "Yong WEN";
				TargetAttributes = {
					C447E55D193E9F3F0042DA4B = {
						CreatedOnToolsVersion = 6.0;
					};
					C447E572193E9F3F0042DA4B = {
						CreatedOnToolsVersion = 6.0;
						TestTargetID = C447E55D193E9F3F0042DA4B;
					};
				};
			};
			buildConfigurationList = C447E559193E9F3F0042DA4B /* Build configuration list for PBXProject "iOS8DevAppSwift" */;
			compatibilityVersion = "Xcode 3.2";
			developmentRegion = English;
			hasScannedForEncodings = 0;
			knownRegions = (
				en,
				Base,
			);
			mainGroup = C447E555193E9F3F0042DA4B;
			productRefGroup = C447E55F193E9F3F0042DA4B /* Products */;
			projectDirPath = "";
			projectRoot = "";
			targets = (
				C447E55D193E9F3F0042DA4B /* iOS8DevAppSwift */,
				C447E572193E9F3F0042DA4B /* iOS8DevAppSwiftTests */,
			);
		};
/* End PBXProject section */

/* Begin PBXResourcesBuildPhase section */
		C447E55C193E9F3F0042DA4B /* Resources */ = {
			isa = PBXResourcesBuildPhase;
			buildActionMask = 2147483647;
			files = (
				C447E56C193E9F3F0042DA4B /* Main.storyboard in Resources */,
				C447E56E193E9F3F0042DA4B /* Images.xcassets in Resources */,
			);
			runOnlyForDeploymentPostprocessing = 0;
		};
		C447E571193E9F3F0042DA4B /* Resources */ = {
			isa = PBXResourcesBuildPhase;
			buildActionMask = 2147483647;
			files = (
			);
			runOnlyForDeploymentPostprocessing = 0;
		};
/* End PBXResourcesBuildPhase section */

/* Begin PBXSourcesBuildPhase section */
		C447E55A193E9F3F0042DA4B /* Sources */ = {
			isa = PBXSourcesBuildPhase;
			buildActionMask = 2147483647;
			files = (
				C447E569193E9F3F0042DA4B /* ViewController.swift in Sources */,
				C447E567193E9F3F0042DA4B /* iOS8DevAppSwift.xcdatamodeld in Sources */,
				C447E564193E9F3F0042DA4B /* AppDelegate.swift in Sources */,
			);
			runOnlyForDeploymentPostprocessing = 0;
		};
		C447E56F193E9F3F0042DA4B /* Sources */ = {
			isa = PBXSourcesBuildPhase;
			buildActionMask = 2147483647;
			files = (
				C447E57A193E9F3F0042DA4B /* iOS8DevAppSwiftTests.swift in Sources */,
			);
			runOnlyForDeploymentPostprocessing = 0;
		};
/* End PBXSourcesBuildPhase section */

/* Begin PBXTargetDependency section */
		C447E575193E9F3F0042DA4B /* PBXTargetDependency */ = {
			isa = PBXTargetDependency;
			target = C447E55D193E9F3F0042DA4B /* iOS8DevAppSwift */;
			targetProxy = C447E574193E9F3F0042DA4B /* PBXContainerItemProxy */;
		};
		C447E584193E9F5D0042DA4B /* PBXTargetDependency */ = {
			isa = PBXTargetDependency;
			target = C447E55D193E9F3F0042DA4B /* iOS8DevAppSwift */;
			targetProxy = C447E583193E9F5D0042DA4B /* PBXContainerItemProxy */;
		};
/* End PBXTargetDependency section */

/* Begin PBXVariantGroup section */
		C447E56A193E9F3F0042DA4B /* Main.storyboard */ = {
			isa = PBXVariantGroup;
			children = (
				C447E56B193E9F3F0042DA4B /* Base */,
			);
			name = Main.storyboard;
			sourceTree = "<group>";
		};
/* End PBXVariantGroup section */

/* Begin XCBuildConfiguration section */
		C447E57B193E9F3F0042DA4B /* Debug */ = {
			isa = XCBuildConfiguration;
			buildSettings = {
				ALWAYS_SEARCH_USER_PATHS = NO;
				CLANG_CXX_LANGUAGE_STANDARD = "gnu++0x";
				CLANG_CXX_LIBRARY = "libc++";
				CLANG_ENABLE_MODULES = YES;
				CLANG_ENABLE_OBJC_ARC = YES;
				CLANG_WARN_BOOL_CONVERSION = YES;
				CLANG_WARN_CONSTANT_CONVERSION = YES;
				CLANG_WARN_DIRECT_OBJC_ISA_USAGE = YES_ERROR;
				CLANG_WARN_EMPTY_BODY = YES;
				CLANG_WARN_ENUM_CONVERSION = YES;
				CLANG_WARN_INT_CONVERSION = YES;
				CLANG_WARN_OBJC_ROOT_CLASS = YES_ERROR;
				CLANG_WARN_UNREACHABLE_CODE = YES;
				CLANG_WARN__DUPLICATE_METHOD_MATCH = YES;
				"CODE_SIGN_IDENTITY[sdk=iphoneos*]" = "iPhone Developer";
				COPY_PHASE_STRIP = NO;
				ENABLE_STRICT_OBJC_MSGSEND = YES;
				GCC_C_LANGUAGE_STANDARD = gnu99;
				GCC_DYNAMIC_NO_PIC = NO;
				GCC_OPTIMIZATION_LEVEL = 0;
				GCC_PREPROCESSOR_DEFINITIONS = (
					"DEBUG=1",
					"$(inherited)",
				);
				GCC_SYMBOLS_PRIVATE_EXTERN = NO;
				GCC_WARN_64_TO_32_BIT_CONVERSION = YES;
				GCC_WARN_ABOUT_RETURN_TYPE = YES_ERROR;
				GCC_WARN_UNDECLARED_SELECTOR = YES;
				GCC_WARN_UNINITIALIZED_AUTOS = YES_AGGRESSIVE;
				GCC_WARN_UNUSED_FUNCTION = YES;
				GCC_WARN_UNUSED_VARIABLE = YES;
				IPHONEOS_DEPLOYMENT_TARGET = 8.0;
				METAL_ENABLE_DEBUG_INFO = YES;
				ONLY_ACTIVE_ARCH = YES;
				SDKROOT = iphoneos;
				SWIFT_OPTIMIZATION_LEVEL = "-Onone";
			};
			name = Debug;
		};
		C447E57C193E9F3F0042DA4B /* Release */ = {
			isa = XCBuildConfiguration;
			buildSettings = {
				ALWAYS_SEARCH_USER_PATHS = NO;
				CLANG_CXX_LANGUAGE_STANDARD = "gnu++0x";
				CLANG_CXX_LIBRARY = "libc++";
				CLANG_ENABLE_MODULES = YES;
				CLANG_ENABLE_OBJC_ARC = YES;
				CLANG_WARN_BOOL_CONVERSION = YES;
				CLANG_WARN_CONSTANT_CONVERSION = YES;
				CLANG_WARN_DIRECT_OBJC_ISA_USAGE = YES_ERROR;
				CLANG_WARN_EMPTY_BODY = YES;
				CLANG_WARN_ENUM_CONVERSION = YES;
				CLANG_WARN_INT_CONVERSION = YES;
				CLANG_WARN_OBJC_ROOT_CLASS = YES_ERROR;
				CLANG_WARN_UNREACHABLE_CODE = YES;
				CLANG_WARN__DUPLICATE_METHOD_MATCH = YES;
				"CODE_SIGN_IDENTITY[sdk=iphoneos*]" = "iPhone Developer";
				COPY_PHASE_STRIP = YES;
				ENABLE_NS_ASSERTIONS = NO;
				ENABLE_STRICT_OBJC_MSGSEND = YES;
				GCC_C_LANGUAGE_STANDARD = gnu99;
				GCC_WARN_64_TO_32_BIT_CONVERSION = YES;
				GCC_WARN_ABOUT_RETURN_TYPE = YES_ERROR;
				GCC_WARN_UNDECLARED_SELECTOR = YES;
				GCC_WARN_UNINITIALIZED_AUTOS = YES_AGGRESSIVE;
				GCC_WARN_UNUSED_FUNCTION = YES;
				GCC_WARN_UNUSED_VARIABLE = YES;
				IPHONEOS_DEPLOYMENT_TARGET = 8.0;
				METAL_ENABLE_DEBUG_INFO = NO;
				SDKROOT = iphoneos;
				VALIDATE_PRODUCT = YES;
			};
			name = Release;
		};
		C447E57E193E9F3F0042DA4B /* Debug */ = {
			isa = XCBuildConfiguration;
			buildSettings = {
				ASSETCATALOG_COMPILER_APPICON_NAME = AppIcon;
				ASSETCATALOG_COMPILER_LAUNCHIMAGE_NAME = LaunchImage;
				INFOPLIST_FILE = iOS8DevAppSwift/Info.plist;
				LD_RUNPATH_SEARCH_PATHS = "$(inherited) @executable_path/Frameworks";
				PRODUCT_NAME = "$(TARGET_NAME)";
			};
			name = Debug;
		};
		C447E57F193E9F3F0042DA4B /* Release */ = {
			isa = XCBuildConfiguration;
			buildSettings = {
				ASSETCATALOG_COMPILER_APPICON_NAME = AppIcon;
				ASSETCATALOG_COMPILER_LAUNCHIMAGE_NAME = LaunchImage;
				INFOPLIST_FILE = iOS8DevAppSwift/Info.plist;
				LD_RUNPATH_SEARCH_PATHS = "$(inherited) @executable_path/Frameworks";
				PRODUCT_NAME = "$(TARGET_NAME)";
			};
			name = Release;
		};
		C447E581193E9F3F0042DA4B /* Debug */ = {
			isa = XCBuildConfiguration;
			buildSettings = {
				BUNDLE_LOADER = "$(BUILT_PRODUCTS_DIR)/iOS8DevAppSwift.app/iOS8DevAppSwift";
				FRAMEWORK_SEARCH_PATHS = (
					"$(SDKROOT)/Developer/Library/Frameworks",
					"$(inherited)",
				);
				GCC_PREPROCESSOR_DEFINITIONS = (
					"DEBUG=1",
					"$(inherited)",
				);
				INFOPLIST_FILE = iOS8DevAppSwiftTests/Info.plist;
				LD_RUNPATH_SEARCH_PATHS = "$(inherited) @executable_path/Frameworks @loader_path/Frameworks";
				METAL_ENABLE_DEBUG_INFO = YES;
				PRODUCT_NAME = "$(TARGET_NAME)";
				TEST_HOST = "$(BUNDLE_LOADER)";
			};
			name = Debug;
		};
		C447E582193E9F3F0042DA4B /* Release */ = {
			isa = XCBuildConfiguration;
			buildSettings = {
				BUNDLE_LOADER = "$(BUILT_PRODUCTS_DIR)/iOS8DevAppSwift.app/iOS8DevAppSwift";
				FRAMEWORK_SEARCH_PATHS = (
					"$(SDKROOT)/Developer/Library/Frameworks",
					"$(inherited)",
				);
				INFOPLIST_FILE = iOS8DevAppSwiftTests/Info.plist;
				LD_RUNPATH_SEARCH_PATHS = "$(inherited) @executable_path/Frameworks @loader_path/Frameworks";
				METAL_ENABLE_DEBUG_INFO = NO;
				PRODUCT_NAME = "$(TARGET_NAME)";
				TEST_HOST = "$(BUNDLE_LOADER)";
			};
			name = Release;
		};
/* End XCBuildConfiguration section */

/* Begin XCConfigurationList section */
		C447E559193E9F3F0042DA4B /* Build configuration list for PBXProject "iOS8DevAppSwift" */ = {
			isa = XCConfigurationList;
			buildConfigurations = (
				C447E57B193E9F3F0042DA4B /* Debug */,
				C447E57C193E9F3F0042DA4B /* Release */,
			);
			defaultConfigurationIsVisible = 0;
			defaultConfigurationName = Release;
		};
		C447E57D193E9F3F0042DA4B /* Build configuration list for PBXNativeTarget "iOS8DevAppSwift" */ = {
			isa = XCConfigurationList;
			buildConfigurations = (
				C447E57E193E9F3F0042DA4B /* Debug */,
				C447E57F193E9F3F0042DA4B /* Release */,
			);
			defaultConfigurationIsVisible = 0;
		};
		C447E580193E9F3F0042DA4B /* Build configuration list for PBXNativeTarget "iOS8DevAppSwiftTests" */ = {
			isa = XCConfigurationList;
			buildConfigurations = (
				C447E581193E9F3F0042DA4B /* Debug */,
				C447E582193E9F3F0042DA4B /* Release */,
			);
			defaultConfigurationIsVisible = 0;
		};
/* End XCConfigurationList section */

/* Begin XCVersionGroup section */
		C447E565193E9F3F0042DA4B /* iOS8DevAppSwift.xcdatamodeld */ = {
			isa = XCVersionGroup;
			children = (
				C447E566193E9F3F0042DA4B /* iOS8DevAppSwift.xcdatamodel */,
			);
			currentVersion = C447E566193E9F3F0042DA4B /* iOS8DevAppSwift.xcdatamodel */;
			path = iOS8DevAppSwift.xcdatamodeld;
			sourceTree = "<group>";
			versionGroupType = wrapper.xcdatamodel;
		};
/* End XCVersionGroup section */
	};
	rootObject = C447E556193E9F3F0042DA4B /* Project object */;
}
